
Microsoft Visual Studio Solution File, Format Version 12.00
# Visual Studio Version 16
VisualStudioVersion = 16.0.29911.84
MinimumVisualStudioVersion = 10.0.40219.1
Project("{FAE04EC0-301F-11D3-BF4B-00C04F79EFBC}") = "Health.Domain", "Health.Domain\Health.Domain.csproj", "{692E8D58-6619-4224-B759-9DDF4E0D3839}"
EndProject
Project("{FAE04EC0-301F-11D3-BF4B-00C04F79EFBC}") = "Health.WebUI", "Health.WebUI\Health.WebUI.csproj", "{BF934739-F24B-4C0D-91DB-43B53C1EABF6}"
EndProject
Project("{FAE04EC0-301F-11D3-BF4B-00C04F79EFBC}") = "Health.UnitTests", "Health.UnitTests\Health.UnitTests.csproj", "{EEECCFF1-F7F4-4CBD-92C6-44CE0A37128D}"
EndProject
Global
	GlobalSection(SolutionConfigurationPlatforms) = preSolution
		Debug|Any CPU = Debug|Any CPU
		Release|Any CPU = Release|Any CPU
	EndGlobalSection
	GlobalSection(ProjectConfigurationPlatforms) = postSolution
		{692E8D58-6619-4224-B759-9DDF4E0D3839}.Debug|Any CPU.ActiveCfg = Debug|Any CPU
		{692E8D58-6619-4224-B759-9DDF4E0D3839}.Debug|Any CPU.Build.0 = Debug|Any CPU
		{692E8D58-6619-4224-B759-9DDF4E0D3839}.Release|Any CPU.ActiveCfg = Release|Any CPU
		{692E8D58-6619-4224-B759-9DDF4E0D3839}.Release|Any CPU.Build.0 = Release|Any CPU
		{BF934739-F24B-4C0D-91DB-43B53C1EABF6}.Debug|Any CPU.ActiveCfg = Debug|Any CPU
		{BF934739-F24B-4C0D-91DB-43B53C1EABF6}.Debug|Any CPU.Build.0 = Debug|Any CPU
		{BF934739-F24B-4C0D-91DB-43B53C1EABF6}.Release|Any CPU.ActiveCfg = Release|Any CPU
		{BF934739-F24B-4C0D-91DB-43B53C1EABF6}.Release|Any CPU.Build.0 = Release|Any CPU
		{EEECCFF1-F7F4-4CBD-92C6-44CE0A37128D}.Debug|Any CPU.ActiveCfg = Debug|Any CPU
		{EEECCFF1-F7F4-4CBD-92C6-44CE0A37128D}.Debug|Any CPU.Build.0 = Debug|Any CPU
		{EEECCFF1-F7F4-4CBD-92C6-44CE0A37128D}.Release|Any CPU.ActiveCfg = Release|Any CPU
		{EEECCFF1-F7F4-4CBD-92C6-44CE0A37128D}.Release|Any CPU.Build.0 = Release|Any CPU
	EndGlobalSection
	GlobalSection(SolutionProperties) = preSolution
		HideSolutionNode = FALSE
	EndGlobalSection
	GlobalSection(ExtensibilityGlobals) = postSolution
		SolutionGuid = {E09F9ED1-0C96-4EB1-9B62-42E469F1C2FF}
	EndGlobalSection
EndGlobal
